<?xml version="1.0" encoding="utf-8"?>
<Project ToolsVersion="4.0" xmlns="http://schemas.microsoft.com/developer/msbuild/2003">
  <ItemGroup>
    <Filter Include="Waffle">
      <UniqueIdentifier>{3ACBE4D9-266D-0FB0-0F28-2304FB689600}</UniqueIdentifier>
    </Filter>
    <Filter Include="Waffle\Events">
      <UniqueIdentifier>{DE5192D7-4A12-0E0E-134D-578B7FCC52EA}</UniqueIdentifier>
    </Filter>
  </ItemGroup>
  <ItemGroup>
    <ClInclude Include="src\Waffle.h" />
    <ClInclude Include="src\Waffle\Application.h">
      <Filter>Waffle</Filter>
    </ClInclude>
    <ClInclude Include="src\Waffle\Core.h">
      <Filter>Waffle</Filter>
    </ClInclude>
    <ClInclude Include="src\Waffle\EntryPoint.h">
      <Filter>Waffle</Filter>
    </ClInclude>
    <ClInclude Include="src\Waffle\Events\ApplicationEvent.h">
      <Filter>Waffle\Events</Filter>
    </ClInclude>
    <ClInclude Include="src\Waffle\Events\Event.h">
      <Filter>Waffle\Events</Filter>
    </ClInclude>
    <ClInclude Include="src\Waffle\Events\KeyEvent.h">
      <Filter>Waffle\Events</Filter>
    </ClInclude>
    <ClInclude Include="src\Waffle\Events\MouseEvent.h">
      <Filter>Waffle\Events</Filter>
    </ClInclude>
    <ClInclude Include="src\Waffle\Log.h">
      <Filter>Waffle</Filter>
    </ClInclude>
    <ClInclude Include="src\wfpch.h" />
  </ItemGroup>
  <ItemGroup>
    <ClCompile Include="src\Waffle\Application.cpp">
      <Filter>Waffle</Filter>
    </ClCompile>
    <ClCompile Include="src\Waffle\Log.cpp">
      <Filter>Waffle</Filter>
    </ClCompile>
    <ClCompile Include="src\wfpch.cpp" />
  </ItemGroup>
</Project>